// !$*UTF8*$!
{
	archiveVersion = 1;
	classes = {
	};
	objectVersion = 55;
	objects = {

/* Begin PBXBuildFile section */
		829A18C128FC71E000D85174 /* TrantalyaApp.swift in Sources */ = {isa = PBXBuildFile; fileRef = 829A18C028FC71E000D85174 /* TrantalyaApp.swift */; };
		829A18C328FC71E000D85174 /* MainView.swift in Sources */ = {isa = PBXBuildFile; fileRef = 829A18C228FC71E000D85174 /* MainView.swift */; };
		829A18C528FC71E100D85174 /* Assets.xcassets in Resources */ = {isa = PBXBuildFile; fileRef = 829A18C428FC71E100D85174 /* Assets.xcassets */; };
		829A18C828FC71E100D85174 /* Preview Assets.xcassets in Resources */ = {isa = PBXBuildFile; fileRef = 829A18C728FC71E100D85174 /* Preview Assets.xcassets */; };
		829A18D228FC71E100D85174 /* TrantalyaTests.swift in Sources */ = {isa = PBXBuildFile; fileRef = 829A18D128FC71E100D85174 /* TrantalyaTests.swift */; };
		829A18DC28FC71E100D85174 /* TrantalyaUITests.swift in Sources */ = {isa = PBXBuildFile; fileRef = 829A18DB28FC71E100D85174 /* TrantalyaUITests.swift */; };
		829A18DE28FC71E100D85174 /* TrantalyaUITestsLaunchTests.swift in Sources */ = {isa = PBXBuildFile; fileRef = 829A18DD28FC71E100D85174 /* TrantalyaUITestsLaunchTests.swift */; };
		829A18EC28FC729100D85174 /* MainSessionProtocol.swift in Sources */ = {isa = PBXBuildFile; fileRef = 829A18EB28FC729100D85174 /* MainSessionProtocol.swift */; };
		829A18EE28FC745B00D85174 /* MainSession.swift in Sources */ = {isa = PBXBuildFile; fileRef = 829A18ED28FC745B00D85174 /* MainSession.swift */; };
		829A18F128FDB5BB00D85174 /* Route.swift in Sources */ = {isa = PBXBuildFile; fileRef = 829A18F028FDB5BB00D85174 /* Route.swift */; };
		829A18F328FDB6FF00D85174 /* BusListResponse.swift in Sources */ = {isa = PBXBuildFile; fileRef = 829A18F228FDB6FF00D85174 /* BusListResponse.swift */; };
		829A18F528FDEE1900D85174 /* Bus.swift in Sources */ = {isa = PBXBuildFile; fileRef = 829A18F428FDEE1900D85174 /* Bus.swift */; };
/* End PBXBuildFile section */

/* Begin PBXContainerItemProxy section */
		829A18CE28FC71E100D85174 /* PBXContainerItemProxy */ = {
			isa = PBXContainerItemProxy;
			containerPortal = 829A18B528FC71E000D85174 /* Project object */;
			proxyType = 1;
			remoteGlobalIDString = 829A18BC28FC71E000D85174;
			remoteInfo = Trantalya;
		};
		829A18D828FC71E100D85174 /* PBXContainerItemProxy */ = {
			isa = PBXContainerItemProxy;
			containerPortal = 829A18B528FC71E000D85174 /* Project object */;
			proxyType = 1;
			remoteGlobalIDString = 829A18BC28FC71E000D85174;
			remoteInfo = Trantalya;
		};
/* End PBXContainerItemProxy section */

/* Begin PBXFileReference section */
		829A18BD28FC71E000D85174 /* Trantalya.app */ = {isa = PBXFileReference; explicitFileType = wrapper.application; includeInIndex = 0; path = Trantalya.app; sourceTree = BUILT_PRODUCTS_DIR; };
		829A18C028FC71E000D85174 /* TrantalyaApp.swift */ = {isa = PBXFileReference; lastKnownFileType = sourcecode.swift; path = TrantalyaApp.swift; sourceTree = "<group>"; };
		829A18C228FC71E000D85174 /* MainView.swift */ = {isa = PBXFileReference; lastKnownFileType = sourcecode.swift; path = MainView.swift; sourceTree = "<group>"; };
		829A18C428FC71E100D85174 /* Assets.xcassets */ = {isa = PBXFileReference; lastKnownFileType = folder.assetcatalog; path = Assets.xcassets; sourceTree = "<group>"; };
		829A18C728FC71E100D85174 /* Preview Assets.xcassets */ = {isa = PBXFileReference; lastKnownFileType = folder.assetcatalog; path = "Preview Assets.xcassets"; sourceTree = "<group>"; };
		829A18CD28FC71E100D85174 /* TrantalyaTests.xctest */ = {isa = PBXFileReference; explicitFileType = wrapper.cfbundle; includeInIndex = 0; path = TrantalyaTests.xctest; sourceTree = BUILT_PRODUCTS_DIR; };
		829A18D128FC71E100D85174 /* TrantalyaTests.swift */ = {isa = PBXFileReference; lastKnownFileType = sourcecode.swift; path = TrantalyaTests.swift; sourceTree = "<group>"; };
		829A18D728FC71E100D85174 /* TrantalyaUITests.xctest */ = {isa = PBXFileReference; explicitFileType = wrapper.cfbundle; includeInIndex = 0; path = TrantalyaUITests.xctest; sourceTree = BUILT_PRODUCTS_DIR; };
		829A18DB28FC71E100D85174 /* TrantalyaUITests.swift */ = {isa = PBXFileReference; lastKnownFileType = sourcecode.swift; path = TrantalyaUITests.swift; sourceTree = "<group>"; };
		829A18DD28FC71E100D85174 /* TrantalyaUITestsLaunchTests.swift */ = {isa = PBXFileReference; lastKnownFileType = sourcecode.swift; path = TrantalyaUITestsLaunchTests.swift; sourceTree = "<group>"; };
		829A18EB28FC729100D85174 /* MainSessionProtocol.swift */ = {isa = PBXFileReference; lastKnownFileType = sourcecode.swift; path = MainSessionProtocol.swift; sourceTree = "<group>"; };
		829A18ED28FC745B00D85174 /* MainSession.swift */ = {isa = PBXFileReference; lastKnownFileType = sourcecode.swift; path = MainSession.swift; sourceTree = "<group>"; };
		829A18F028FDB5BB00D85174 /* Route.swift */ = {isa = PBXFileReference; lastKnownFileType = sourcecode.swift; path = Route.swift; sourceTree = "<group>"; };
		829A18F228FDB6FF00D85174 /* BusListResponse.swift */ = {isa = PBXFileReference; lastKnownFileType = sourcecode.swift; path = BusListResponse.swift; sourceTree = "<group>"; };
		829A18F428FDEE1900D85174 /* Bus.swift */ = {isa = PBXFileReference; lastKnownFileType = sourcecode.swift; path = Bus.swift; sourceTree = "<group>"; };
/* End PBXFileReference section */

/* Begin PBXFrameworksBuildPhase section */
		829A18BA28FC71E000D85174 /* Frameworks */ = {
			isa = PBXFrameworksBuildPhase;
			buildActionMask = 2147483647;
			files = (
			);
			runOnlyForDeploymentPostprocessing = 0;
		};
		829A18CA28FC71E100D85174 /* Frameworks */ = {
			isa = PBXFrameworksBuildPhase;
			buildActionMask = 2147483647;
			files = (
			);
			runOnlyForDeploymentPostprocessing = 0;
		};
		829A18D428FC71E100D85174 /* Frameworks */ = {
			isa = PBXFrameworksBuildPhase;
			buildActionMask = 2147483647;
			files = (
			);
			runOnlyForDeploymentPostprocessing = 0;
		};
/* End PBXFrameworksBuildPhase section */

/* Begin PBXGroup section */
		829A18B428FC71E000D85174 = {
			isa = PBXGroup;
			children = (
				829A18BF28FC71E000D85174 /* Trantalya */,
				829A18D028FC71E100D85174 /* TrantalyaTests */,
				829A18DA28FC71E100D85174 /* TrantalyaUITests */,
				829A18BE28FC71E000D85174 /* Products */,
			);
			sourceTree = "<group>";
		};
		829A18BE28FC71E000D85174 /* Products */ = {
			isa = PBXGroup;
			children = (
				829A18BD28FC71E000D85174 /* Trantalya.app */,
				829A18CD28FC71E100D85174 /* TrantalyaTests.xctest */,
				829A18D728FC71E100D85174 /* TrantalyaUITests.xctest */,
			);
			name = Products;
			sourceTree = "<group>";
		};
		829A18BF28FC71E000D85174 /* Trantalya */ = {
			isa = PBXGroup;
			children = (
				829A18F628FEEA8200D85174 /* Model */,
				829A18F728FEEA9E00D85174 /* View */,
				829A18C028FC71E000D85174 /* TrantalyaApp.swift */,
				829A18C428FC71E100D85174 /* Assets.xcassets */,
				829A18C628FC71E100D85174 /* Preview Content */,
			);
			path = Trantalya;
			sourceTree = "<group>";
		};
		829A18C628FC71E100D85174 /* Preview Content */ = {
			isa = PBXGroup;
			children = (
				829A18C728FC71E100D85174 /* Preview Assets.xcassets */,
			);
			path = "Preview Content";
			sourceTree = "<group>";
		};
		829A18D028FC71E100D85174 /* TrantalyaTests */ = {
			isa = PBXGroup;
			children = (
				829A18D128FC71E100D85174 /* TrantalyaTests.swift */,
			);
			path = TrantalyaTests;
			sourceTree = "<group>";
		};
		829A18DA28FC71E100D85174 /* TrantalyaUITests */ = {
			isa = PBXGroup;
			children = (
				829A18DB28FC71E100D85174 /* TrantalyaUITests.swift */,
				829A18DD28FC71E100D85174 /* TrantalyaUITestsLaunchTests.swift */,
			);
			path = TrantalyaUITests;
			sourceTree = "<group>";
		};
		829A18EA28FC721400D85174 /* Network */ = {
			isa = PBXGroup;
			children = (
				829A18F928FEEADF00D85174 /* Session */,
				829A18EF28FDB57B00D85174 /* BusListStructs */,
			);
			path = Network;
			sourceTree = "<group>";
		};
		829A18EF28FDB57B00D85174 /* BusListStructs */ = {
			isa = PBXGroup;
			children = (
				829A18F028FDB5BB00D85174 /* Route.swift */,
				829A18F428FDEE1900D85174 /* Bus.swift */,
				829A18F228FDB6FF00D85174 /* BusListResponse.swift */,
			);
			path = BusListStructs;
			sourceTree = "<group>";
		};
		829A18F628FEEA8200D85174 /* Model */ = {
			isa = PBXGroup;
			children = (
				829A18EA28FC721400D85174 /* Network */,
			);
			path = Model;
			sourceTree = "<group>";
		};
		829A18F728FEEA9E00D85174 /* View */ = {
			isa = PBXGroup;
			children = (
				829A18F828FEEAB200D85174 /* MainScreen */,
			);
			path = View;
			sourceTree = "<group>";
		};
		829A18F828FEEAB200D85174 /* MainScreen */ = {
			isa = PBXGroup;
			children = (
				829A18C228FC71E000D85174 /* MainView.swift */,
			);
			path = MainScreen;
			sourceTree = "<group>";
		};
		829A18F928FEEADF00D85174 /* Session */ = {
			isa = PBXGroup;
			children = (
				829A18EB28FC729100D85174 /* MainSessionProtocol.swift */,
				829A18ED28FC745B00D85174 /* MainSession.swift */,
			);
			path = Session;
			sourceTree = "<group>";
		};
/* End PBXGroup section */

/* Begin PBXNativeTarget section */
		829A18BC28FC71E000D85174 /* Trantalya */ = {
			isa = PBXNativeTarget;
			buildConfigurationList = 829A18E128FC71E100D85174 /* Build configuration list for PBXNativeTarget "Trantalya" */;
			buildPhases = (
				829A18B928FC71E000D85174 /* Sources */,
				829A18BA28FC71E000D85174 /* Frameworks */,
				829A18BB28FC71E000D85174 /* Resources */,
			);
			buildRules = (
			);
			dependencies = (
			);
			name = Trantalya;
			productName = Trantalya;
			productReference = 829A18BD28FC71E000D85174 /* Trantalya.app */;
			productType = "com.apple.product-type.application";
		};
		829A18CC28FC71E100D85174 /* TrantalyaTests */ = {
			isa = PBXNativeTarget;
			buildConfigurationList = 829A18E428FC71E100D85174 /* Build configuration list for PBXNativeTarget "TrantalyaTests" */;
			buildPhases = (
				829A18C928FC71E100D85174 /* Sources */,
				829A18CA28FC71E100D85174 /* Frameworks */,
				829A18CB28FC71E100D85174 /* Resources */,
			);
			buildRules = (
			);
			dependencies = (
				829A18CF28FC71E100D85174 /* PBXTargetDependency */,
			);
			name = TrantalyaTests;
			productName = TrantalyaTests;
			productReference = 829A18CD28FC71E100D85174 /* TrantalyaTests.xctest */;
			productType = "com.apple.product-type.bundle.unit-test";
		};
		829A18D628FC71E100D85174 /* TrantalyaUITests */ = {
			isa = PBXNativeTarget;
			buildConfigurationList = 829A18E728FC71E100D85174 /* Build configuration list for PBXNativeTarget "TrantalyaUITests" */;
			buildPhases = (
				829A18D328FC71E100D85174 /* Sources */,
				829A18D428FC71E100D85174 /* Frameworks */,
				829A18D528FC71E100D85174 /* Resources */,
			);
			buildRules = (
			);
			dependencies = (
				829A18D928FC71E100D85174 /* PBXTargetDependency */,
			);
			name = TrantalyaUITests;
			productName = TrantalyaUITests;
			productReference = 829A18D728FC71E100D85174 /* TrantalyaUITests.xctest */;
			productType = "com.apple.product-type.bundle.ui-testing";
		};
/* End PBXNativeTarget section */

/* Begin PBXProject section */
		829A18B528FC71E000D85174 /* Project object */ = {
			isa = PBXProject;
			attributes = {
				BuildIndependentTargetsInParallel = 1;
				LastSwiftUpdateCheck = 1330;
				LastUpgradeCheck = 1330;
				TargetAttributes = {
					829A18BC28FC71E000D85174 = {
						CreatedOnToolsVersion = 13.3.1;
					};
					829A18CC28FC71E100D85174 = {
						CreatedOnToolsVersion = 13.3.1;
						TestTargetID = 829A18BC28FC71E000D85174;
					};
					829A18D628FC71E100D85174 = {
						CreatedOnToolsVersion = 13.3.1;
						TestTargetID = 829A18BC28FC71E000D85174;
					};
				};
			};
			buildConfigurationList = 829A18B828FC71E000D85174 /* Build configuration list for PBXProject "Trantalya" */;
			compatibilityVersion = "Xcode 13.0";
			developmentRegion = en;
			hasScannedForEncodings = 0;
			knownRegions = (
				en,
				Base,
			);
			mainGroup = 829A18B428FC71E000D85174;
			productRefGroup = 829A18BE28FC71E000D85174 /* Products */;
			projectDirPath = "";
			projectRoot = "";
			targets = (
				829A18BC28FC71E000D85174 /* Trantalya */,
				829A18CC28FC71E100D85174 /* TrantalyaTests */,
				829A18D628FC71E100D85174 /* TrantalyaUITests */,
			);
		};
/* End PBXProject section */

/* Begin PBXResourcesBuildPhase section */
		829A18BB28FC71E000D85174 /* Resources */ = {
			isa = PBXResourcesBuildPhase;
			buildActionMask = 2147483647;
			files = (
				829A18C828FC71E100D85174 /* Preview Assets.xcassets in Resources */,
				829A18C528FC71E100D85174 /* Assets.xcassets in Resources */,
			);
			runOnlyForDeploymentPostprocessing = 0;
		};
		829A18CB28FC71E100D85174 /* Resources */ = {
			isa = PBXResourcesBuildPhase;
			buildActionMask = 2147483647;
			files = (
			);
			runOnlyForDeploymentPostprocessing = 0;
		};
		829A18D528FC71E100D85174 /* Resources */ = {
			isa = PBXResourcesBuildPhase;
			buildActionMask = 2147483647;
			files = (
			);
			runOnlyForDeploymentPostprocessing = 0;
		};
/* End PBXResourcesBuildPhase section */

/* Begin PBXSourcesBuildPhase section */
		829A18B928FC71E000D85174 /* Sources */ = {
			isa = PBXSourcesBuildPhase;
			buildActionMask = 2147483647;
			files = (
				829A18F528FDEE1900D85174 /* Bus.swift in Sources */,
				829A18C328FC71E000D85174 /* MainView.swift in Sources */,
				829A18EE28FC745B00D85174 /* MainSession.swift in Sources */,
				829A18EC28FC729100D85174 /* MainSessionProtocol.swift in Sources */,
				829A18F328FDB6FF00D85174 /* BusListResponse.swift in Sources */,
				829A18C128FC71E000D85174 /* TrantalyaApp.swift in Sources */,
				829A18F128FDB5BB00D85174 /* Route.swift in Sources */,
			);
			runOnlyForDeploymentPostprocessing = 0;
		};
		829A18C928FC71E100D85174 /* Sources */ = {
			isa = PBXSourcesBuildPhase;
			buildActionMask = 2147483647;
			files = (
				829A18D228FC71E100D85174 /* TrantalyaTests.swift in Sources */,
			);
			runOnlyForDeploymentPostprocessing = 0;
		};
		829A18D328FC71E100D85174 /* Sources */ = {
			isa = PBXSourcesBuildPhase;
			buildActionMask = 2147483647;
			files = (
				829A18DC28FC71E100D85174 /* TrantalyaUITests.swift in Sources */,
				829A18DE28FC71E100D85174 /* TrantalyaUITestsLaunchTests.swift in Sources */,
			);
			runOnlyForDeploymentPostprocessing = 0;
		};
/* End PBXSourcesBuildPhase section */

/* Begin PBXTargetDependency section */
		829A18CF28FC71E100D85174 /* PBXTargetDependency */ = {
			isa = PBXTargetDependency;
			target = 829A18BC28FC71E000D85174 /* Trantalya */;
			targetProxy = 829A18CE28FC71E100D85174 /* PBXContainerItemProxy */;
		};
		829A18D928FC71E100D85174 /* PBXTargetDependency */ = {
			isa = PBXTargetDependency;
			target = 829A18BC28FC71E000D85174 /* Trantalya */;
			targetProxy = 829A18D828FC71E100D85174 /* PBXContainerItemProxy */;
		};
/* End PBXTargetDependency section */

/* Begin XCBuildConfiguration section */
		829A18DF28FC71E100D85174 /* Debug */ = {
			isa = XCBuildConfiguration;
			buildSettings = {
				ALWAYS_SEARCH_USER_PATHS = NO;
				CLANG_ANALYZER_NONNULL = YES;
				CLANG_ANALYZER_NUMBER_OBJECT_CONVERSION = YES_AGGRESSIVE;
				CLANG_CXX_LANGUAGE_STANDARD = "gnu++17";
				CLANG_ENABLE_MODULES = YES;
				CLANG_ENABLE_OBJC_ARC = YES;
				CLANG_ENABLE_OBJC_WEAK = YES;
				CLANG_WARN_BLOCK_CAPTURE_AUTORELEASING = YES;
				CLANG_WARN_BOOL_CONVERSION = YES;
				CLANG_WARN_COMMA = YES;
				CLANG_WARN_CONSTANT_CONVERSION = YES;
				CLANG_WARN_DEPRECATED_OBJC_IMPLEMENTATIONS = YES;
				CLANG_WARN_DIRECT_OBJC_ISA_USAGE = YES_ERROR;
				CLANG_WARN_DOCUMENTATION_COMMENTS = YES;
				CLANG_WARN_EMPTY_BODY = YES;
				CLANG_WARN_ENUM_CONVERSION = YES;
				CLANG_WARN_INFINITE_RECURSION = YES;
				CLANG_WARN_INT_CONVERSION = YES;
				CLANG_WARN_NON_LITERAL_NULL_CONVERSION = YES;
				CLANG_WARN_OBJC_IMPLICIT_RETAIN_SELF = YES;
				CLANG_WARN_OBJC_LITERAL_CONVERSION = YES;
				CLANG_WARN_OBJC_ROOT_CLASS = YES_ERROR;
				CLANG_WARN_QUOTED_INCLUDE_IN_FRAMEWORK_HEADER = YES;
				CLANG_WARN_RANGE_LOOP_ANALYSIS = YES;
				CLANG_WARN_STRICT_PROTOTYPES = YES;
				CLANG_WARN_SUSPICIOUS_MOVE = YES;
				CLANG_WARN_UNGUARDED_AVAILABILITY = YES_AGGRESSIVE;
				CLANG_WARN_UNREACHABLE_CODE = YES;
				CLANG_WARN__DUPLICATE_METHOD_MATCH = YES;
				COPY_PHASE_STRIP = NO;
				DEBUG_INFORMATION_FORMAT = dwarf;
				ENABLE_STRICT_OBJC_MSGSEND = YES;
				ENABLE_TESTABILITY = YES;
				GCC_C_LANGUAGE_STANDARD = gnu11;
				GCC_DYNAMIC_NO_PIC = NO;
				GCC_NO_COMMON_BLOCKS = YES;
				GCC_OPTIMIZATION_LEVEL = 0;
				GCC_PREPROCESSOR_DEFINITIONS = (
					"DEBUG=1",
					"$(inherited)",
				);
				GCC_WARN_64_TO_32_BIT_CONVERSION = YES;
				GCC_WARN_ABOUT_RETURN_TYPE = YES_ERROR;
				GCC_WARN_UNDECLARED_SELECTOR = YES;
				GCC_WARN_UNINITIALIZED_AUTOS = YES_AGGRESSIVE;
				GCC_WARN_UNUSED_FUNCTION = YES;
				GCC_WARN_UNUSED_VARIABLE = YES;
				IPHONEOS_DEPLOYMENT_TARGET = 15.4;
				MTL_ENABLE_DEBUG_INFO = INCLUDE_SOURCE;
				MTL_FAST_MATH = YES;
				ONLY_ACTIVE_ARCH = YES;
				SDKROOT = iphoneos;
				SWIFT_ACTIVE_COMPILATION_CONDITIONS = DEBUG;
				SWIFT_OPTIMIZATION_LEVEL = "-Onone";
			};
			name = Debug;
		};
		829A18E028FC71E100D85174 /* Release */ = {
			isa = XCBuildConfiguration;
			buildSettings = {
				ALWAYS_SEARCH_USER_PATHS = NO;
				CLANG_ANALYZER_NONNULL = YES;
				CLANG_ANALYZER_NUMBER_OBJECT_CONVERSION = YES_AGGRESSIVE;
				CLANG_CXX_LANGUAGE_STANDARD = "gnu++17";
				CLANG_ENABLE_MODULES = YES;
				CLANG_ENABLE_OBJC_ARC = YES;
				CLANG_ENABLE_OBJC_WEAK = YES;
				CLANG_WARN_BLOCK_CAPTURE_AUTORELEASING = YES;
				CLANG_WARN_BOOL_CONVERSION = YES;
				CLANG_WARN_COMMA = YES;
				CLANG_WARN_CONSTANT_CONVERSION = YES;
				CLANG_WARN_DEPRECATED_OBJC_IMPLEMENTATIONS = YES;
				CLANG_WARN_DIRECT_OBJC_ISA_USAGE = YES_ERROR;
				CLANG_WARN_DOCUMENTATION_COMMENTS = YES;
				CLANG_WARN_EMPTY_BODY = YES;
				CLANG_WARN_ENUM_CONVERSION = YES;
				CLANG_WARN_INFINITE_RECURSION = YES;
				CLANG_WARN_INT_CONVERSION = YES;
				CLANG_WARN_NON_LITERAL_NULL_CONVERSION = YES;
				CLANG_WARN_OBJC_IMPLICIT_RETAIN_SELF = YES;
				CLANG_WARN_OBJC_LITERAL_CONVERSION = YES;
				CLANG_WARN_OBJC_ROOT_CLASS = YES_ERROR;
				CLANG_WARN_QUOTED_INCLUDE_IN_FRAMEWORK_HEADER = YES;
				CLANG_WARN_RANGE_LOOP_ANALYSIS = YES;
				CLANG_WARN_STRICT_PROTOTYPES = YES;
				CLANG_WARN_SUSPICIOUS_MOVE = YES;
				CLANG_WARN_UNGUARDED_AVAILABILITY = YES_AGGRESSIVE;
				CLANG_WARN_UNREACHABLE_CODE = YES;
				CLANG_WARN__DUPLICATE_METHOD_MATCH = YES;
				COPY_PHASE_STRIP = NO;
				DEBUG_INFORMATION_FORMAT = "dwarf-with-dsym";
				ENABLE_NS_ASSERTIONS = NO;
				ENABLE_STRICT_OBJC_MSGSEND = YES;
				GCC_C_LANGUAGE_STANDARD = gnu11;
				GCC_NO_COMMON_BLOCKS = YES;
				GCC_WARN_64_TO_32_BIT_CONVERSION = YES;
				GCC_WARN_ABOUT_RETURN_TYPE = YES_ERROR;
				GCC_WARN_UNDECLARED_SELECTOR = YES;
				GCC_WARN_UNINITIALIZED_AUTOS = YES_AGGRESSIVE;
				GCC_WARN_UNUSED_FUNCTION = YES;
				GCC_WARN_UNUSED_VARIABLE = YES;
				IPHONEOS_DEPLOYMENT_TARGET = 15.4;
				MTL_ENABLE_DEBUG_INFO = NO;
				MTL_FAST_MATH = YES;
				SDKROOT = iphoneos;
				SWIFT_COMPILATION_MODE = wholemodule;
				SWIFT_OPTIMIZATION_LEVEL = "-O";
				VALIDATE_PRODUCT = YES;
			};
			name = Release;
		};
		829A18E228FC71E100D85174 /* Debug */ = {
			isa = XCBuildConfiguration;
			buildSettings = {
				ASSETCATALOG_COMPILER_APPICON_NAME = AppIcon;
				ASSETCATALOG_COMPILER_GLOBAL_ACCENT_COLOR_NAME = AccentColor;
				CODE_SIGN_STYLE = Automatic;
				CURRENT_PROJECT_VERSION = 1;
				DEVELOPMENT_ASSET_PATHS = "\"Trantalya/Preview Content\"";
				DEVELOPMENT_TEAM = TQK53PF52L;
				ENABLE_PREVIEWS = YES;
				GENERATE_INFOPLIST_FILE = YES;
				INFOPLIST_KEY_UIApplicationSceneManifest_Generation = YES;
				INFOPLIST_KEY_UIApplicationSupportsIndirectInputEvents = YES;
				INFOPLIST_KEY_UILaunchScreen_Generation = YES;
				INFOPLIST_KEY_UISupportedInterfaceOrientations_iPad = "UIInterfaceOrientationPortrait UIInterfaceOrientationPortraitUpsideDown UIInterfaceOrientationLandscapeLeft UIInterfaceOrientationLandscapeRight";
				INFOPLIST_KEY_UISupportedInterfaceOrientations_iPhone = "UIInterfaceOrientationPortrait UIInterfaceOrientationLandscapeLeft UIInterfaceOrientationLandscapeRight";
				LD_RUNPATH_SEARCH_PATHS = (
					"$(inherited)",
					"@executable_path/Frameworks",
				);
				MARKETING_VERSION = 1.0;
				PRODUCT_BUNDLE_IDENTIFIER = anegvonapets.Trantalya;
				PRODUCT_NAME = "$(TARGET_NAME)";
				SWIFT_EMIT_LOC_STRINGS = YES;
				SWIFT_VERSION = 5.0;
				TARGETED_DEVICE_FAMILY = "1,2";
			};
			name = Debug;
		};
		829A18E328FC71E100D85174 /* Release */ = {
			isa = XCBuildConfiguration;
			buildSettings = {
				ASSETCATALOG_COMPILER_APPICON_NAME = AppIcon;
				ASSETCATALOG_COMPILER_GLOBAL_ACCENT_COLOR_NAME = AccentColor;
				CODE_SIGN_STYLE = Automatic;
				CURRENT_PROJECT_VERSION = 1;
				DEVELOPMENT_ASSET_PATHS = "\"Trantalya/Preview Content\"";
				DEVELOPMENT_TEAM = TQK53PF52L;
				ENABLE_PREVIEWS = YES;
				GENERATE_INFOPLIST_FILE = YES;
				INFOPLIST_KEY_UIApplicationSceneManifest_Generation = YES;
				INFOPLIST_KEY_UIApplicationSupportsIndirectInputEvents = YES;
				INFOPLIST_KEY_UILaunchScreen_Generation = YES;
				INFOPLIST_KEY_UISupportedInterfaceOrientations_iPad = "UIInterfaceOrientationPortrait UIInterfaceOrientationPortraitUpsideDown UIInterfaceOrientationLandscapeLeft UIInterfaceOrientationLandscapeRight";
				INFOPLIST_KEY_UISupportedInterfaceOrientations_iPhone = "UIInterfaceOrientationPortrait UIInterfaceOrientationLandscapeLeft UIInterfaceOrientationLandscapeRight";
				LD_RUNPATH_SEARCH_PATHS = (
					"$(inherited)",
					"@executable_path/Frameworks",
				);
				MARKETING_VERSION = 1.0;
				PRODUCT_BUNDLE_IDENTIFIER = anegvonapets.Trantalya;
				PRODUCT_NAME = "$(TARGET_NAME)";
				SWIFT_EMIT_LOC_STRINGS = YES;
				SWIFT_VERSION = 5.0;
				TARGETED_DEVICE_FAMILY = "1,2";
			};
			name = Release;
		};
		829A18E528FC71E100D85174 /* Debug */ = {
			isa = XCBuildConfiguration;
			buildSettings = {
				ALWAYS_EMBED_SWIFT_STANDARD_LIBRARIES = YES;
				BUNDLE_LOADER = "$(TEST_HOST)";
				CODE_SIGN_STYLE = Automatic;
				CURRENT_PROJECT_VERSION = 1;
				DEVELOPMENT_TEAM = TQK53PF52L;
				GENERATE_INFOPLIST_FILE = YES;
				IPHONEOS_DEPLOYMENT_TARGET = 15.4;
				MARKETING_VERSION = 1.0;
				PRODUCT_BUNDLE_IDENTIFIER = anegvonapets.TrantalyaTests;
				PRODUCT_NAME = "$(TARGET_NAME)";
				SWIFT_EMIT_LOC_STRINGS = NO;
				SWIFT_VERSION = 5.0;
				TARGETED_DEVICE_FAMILY = "1,2";
				TEST_HOST = "$(BUILT_PRODUCTS_DIR)/Trantalya.app/Trantalya";
			};
			name = Debug;
		};
		829A18E628FC71E100D85174 /* Release */ = {
			isa = XCBuildConfiguration;
			buildSettings = {
				ALWAYS_EMBED_SWIFT_STANDARD_LIBRARIES = YES;
				BUNDLE_LOADER = "$(TEST_HOST)";
				CODE_SIGN_STYLE = Automatic;
				CURRENT_PROJECT_VERSION = 1;
				DEVELOPMENT_TEAM = TQK53PF52L;
				GENERATE_INFOPLIST_FILE = YES;
				IPHONEOS_DEPLOYMENT_TARGET = 15.4;
				MARKETING_VERSION = 1.0;
				PRODUCT_BUNDLE_IDENTIFIER = anegvonapets.TrantalyaTests;
				PRODUCT_NAME = "$(TARGET_NAME)";
				SWIFT_EMIT_LOC_STRINGS = NO;
				SWIFT_VERSION = 5.0;
				TARGETED_DEVICE_FAMILY = "1,2";
				TEST_HOST = "$(BUILT_PRODUCTS_DIR)/Trantalya.app/Trantalya";
			};
			name = Release;
		};
		829A18E828FC71E100D85174 /* Debug */ = {
			isa = XCBuildConfiguration;
			buildSettings = {
				ALWAYS_EMBED_SWIFT_STANDARD_LIBRARIES = YES;
				CODE_SIGN_STYLE = Automatic;
				CURRENT_PROJECT_VERSION = 1;
				DEVELOPMENT_TEAM = TQK53PF52L;
				GENERATE_INFOPLIST_FILE = YES;
				MARKETING_VERSION = 1.0;
				PRODUCT_BUNDLE_IDENTIFIER = anegvonapets.TrantalyaUITests;
				PRODUCT_NAME = "$(TARGET_NAME)";
				SWIFT_EMIT_LOC_STRINGS = NO;
				SWIFT_VERSION = 5.0;
				TARGETED_DEVICE_FAMILY = "1,2";
				TEST_TARGET_NAME = Trantalya;
			};
			name = Debug;
		};
		829A18E928FC71E100D85174 /* Release */ = {
			isa = XCBuildConfiguration;
			buildSettings = {
				ALWAYS_EMBED_SWIFT_STANDARD_LIBRARIES = YES;
				CODE_SIGN_STYLE = Automatic;
				CURRENT_PROJECT_VERSION = 1;
				DEVELOPMENT_TEAM = TQK53PF52L;
				GENERATE_INFOPLIST_FILE = YES;
				MARKETING_VERSION = 1.0;
				PRODUCT_BUNDLE_IDENTIFIER = anegvonapets.TrantalyaUITests;
				PRODUCT_NAME = "$(TARGET_NAME)";
				SWIFT_EMIT_LOC_STRINGS = NO;
				SWIFT_VERSION = 5.0;
				TARGETED_DEVICE_FAMILY = "1,2";
				TEST_TARGET_NAME = Trantalya;
			};
			name = Release;
		};
/* End XCBuildConfiguration section */

/* Begin XCConfigurationList section */
		829A18B828FC71E000D85174 /* Build configuration list for PBXProject "Trantalya" */ = {
			isa = XCConfigurationList;
			buildConfigurations = (
				829A18DF28FC71E100D85174 /* Debug */,
				829A18E028FC71E100D85174 /* Release */,
			);
			defaultConfigurationIsVisible = 0;
			defaultConfigurationName = Release;
		};
		829A18E128FC71E100D85174 /* Build configuration list for PBXNativeTarget "Trantalya" */ = {
			isa = XCConfigurationList;
			buildConfigurations = (
				829A18E228FC71E100D85174 /* Debug */,
				829A18E328FC71E100D85174 /* Release */,
			);
			defaultConfigurationIsVisible = 0;
			defaultConfigurationName = Release;
		};
		829A18E428FC71E100D85174 /* Build configuration list for PBXNativeTarget "TrantalyaTests" */ = {
			isa = XCConfigurationList;
			buildConfigurations = (
				829A18E528FC71E100D85174 /* Debug */,
				829A18E628FC71E100D85174 /* Release */,
			);
			defaultConfigurationIsVisible = 0;
			defaultConfigurationName = Release;
		};
		829A18E728FC71E100D85174 /* Build configuration list for PBXNativeTarget "TrantalyaUITests" */ = {
			isa = XCConfigurationList;
			buildConfigurations = (
				829A18E828FC71E100D85174 /* Debug */,
				829A18E928FC71E100D85174 /* Release */,
			);
			defaultConfigurationIsVisible = 0;
			defaultConfigurationName = Release;
		};
/* End XCConfigurationList section */
	};
	rootObject = 829A18B528FC71E000D85174 /* Project object */;
}
