// !$*UTF8*$!
{
	archiveVersion = 1;
	classes = {
	};
	objectVersion = 55;
	objects = {

/* Begin PBXBuildFile section */
		829A18C128FC71E000D85174 /* TrantalyaApp.swift in Sources */ = {isa = PBXBuildFile; fileRef = 829A18C028FC71E000D85174 /* TrantalyaApp.swift */; };
		829A18C328FC71E000D85174 /* BusStopScheduleList.swift in Sources */ = {isa = PBXBuildFile; fileRef = 829A18C228FC71E000D85174 /* BusStopScheduleList.swift */; };
		829A18C528FC71E100D85174 /* Assets.xcassets in Resources */ = {isa = PBXBuildFile; fileRef = 829A18C428FC71E100D85174 /* Assets.xcassets */; };
		829A18C828FC71E100D85174 /* Preview Assets.xcassets in Resources */ = {isa = PBXBuildFile; fileRef = 829A18C728FC71E100D85174 /* Preview Assets.xcassets */; };
		829A18D228FC71E100D85174 /* TrantalyaTests.swift in Sources */ = {isa = PBXBuildFile; fileRef = 829A18D128FC71E100D85174 /* TrantalyaTests.swift */; };
		829A18DC28FC71E100D85174 /* TrantalyaUITests.swift in Sources */ = {isa = PBXBuildFile; fileRef = 829A18DB28FC71E100D85174 /* TrantalyaUITests.swift */; };
		829A18DE28FC71E100D85174 /* TrantalyaUITestsLaunchTests.swift in Sources */ = {isa = PBXBuildFile; fileRef = 829A18DD28FC71E100D85174 /* TrantalyaUITestsLaunchTests.swift */; };
		829A18EC28FC729100D85174 /* MainSessionProtocol.swift in Sources */ = {isa = PBXBuildFile; fileRef = 829A18EB28FC729100D85174 /* MainSessionProtocol.swift */; };
		829A18EE28FC745B00D85174 /* MainSession.swift in Sources */ = {isa = PBXBuildFile; fileRef = 829A18ED28FC745B00D85174 /* MainSession.swift */; };
		829A18F128FDB5BB00D85174 /* Route.swift in Sources */ = {isa = PBXBuildFile; fileRef = 829A18F028FDB5BB00D85174 /* Route.swift */; };
		829A18F328FDB6FF00D85174 /* BusListResponse.swift in Sources */ = {isa = PBXBuildFile; fileRef = 829A18F228FDB6FF00D85174 /* BusListResponse.swift */; };
		829A18F528FDEE1900D85174 /* Bus.swift in Sources */ = {isa = PBXBuildFile; fileRef = 829A18F428FDEE1900D85174 /* Bus.swift */; };
		829A19112901AC2F00D85174 /* Schedule.swift in Sources */ = {isa = PBXBuildFile; fileRef = 829A19102901AC2F00D85174 /* Schedule.swift */; };
		829A19132901AC5900D85174 /* Time.swift in Sources */ = {isa = PBXBuildFile; fileRef = 829A19122901AC5900D85174 /* Time.swift */; };
		829A19152901B30E00D85174 /* ScheduleResponse.swift in Sources */ = {isa = PBXBuildFile; fileRef = 829A19142901B30E00D85174 /* ScheduleResponse.swift */; };
		829A191829027FCD00D85174 /* RouteSchedule.swift in Sources */ = {isa = PBXBuildFile; fileRef = 829A191729027FCD00D85174 /* RouteSchedule.swift */; };
		829A191A2902828800D85174 /* TimeTag.swift in Sources */ = {isa = PBXBuildFile; fileRef = 829A19192902828800D85174 /* TimeTag.swift */; };
		829A191C290283B500D85174 /* RouteScheduleView.swift in Sources */ = {isa = PBXBuildFile; fileRef = 829A191B290283B500D85174 /* RouteScheduleView.swift */; };
		829A191F29043E3900D85174 /* TimeColorResolverProtocol.swift in Sources */ = {isa = PBXBuildFile; fileRef = 829A191E29043E3900D85174 /* TimeColorResolverProtocol.swift */; };
		829A192129043EB400D85174 /* TimeColorResolver.swift in Sources */ = {isa = PBXBuildFile; fileRef = 829A192029043EB400D85174 /* TimeColorResolver.swift */; };
		829A19232904501C00D85174 /* ScheduleSkeletonView.swift in Sources */ = {isa = PBXBuildFile; fileRef = 829A19222904501C00D85174 /* ScheduleSkeletonView.swift */; };
		829A1926290451EE00D85174 /* SkeletonUI in Frameworks */ = {isa = PBXBuildFile; productRef = 829A1925290451EE00D85174 /* SkeletonUI */; };
		829A19292904554200D85174 /* BaseSkeletonView.swift in Sources */ = {isa = PBXBuildFile; fileRef = 829A19282904554200D85174 /* BaseSkeletonView.swift */; };
		829A192B29090BA000D85174 /* DayType.swift in Sources */ = {isa = PBXBuildFile; fileRef = 829A192A29090BA000D85174 /* DayType.swift */; };
		829A192D29090CF900D85174 /* RouteDirection.swift in Sources */ = {isa = PBXBuildFile; fileRef = 829A192C29090CF900D85174 /* RouteDirection.swift */; };
		829A192F2909323800D85174 /* RouteSingleSchedule.swift in Sources */ = {isa = PBXBuildFile; fileRef = 829A192E2909323800D85174 /* RouteSingleSchedule.swift */; };
		829A193929096D3100D85174 /* Vertex.swift in Sources */ = {isa = PBXBuildFile; fileRef = 829A193829096D3100D85174 /* Vertex.swift */; };
		829A193B29096DB500D85174 /* MapBus.swift in Sources */ = {isa = PBXBuildFile; fileRef = 829A193A29096DB500D85174 /* MapBus.swift */; };
		829A193D2909728D00D85174 /* MapStop.swift in Sources */ = {isa = PBXBuildFile; fileRef = 829A193C2909728D00D85174 /* MapStop.swift */; };
		829A193F29098E0A00D85174 /* MapData.swift in Sources */ = {isa = PBXBuildFile; fileRef = 829A193E29098E0A00D85174 /* MapData.swift */; };
		829A194129098F7D00D85174 /* BusMapView.swift in Sources */ = {isa = PBXBuildFile; fileRef = 829A194029098F7D00D85174 /* BusMapView.swift */; };
		829A194329098FD900D85174 /* BusDetailsView.swift in Sources */ = {isa = PBXBuildFile; fileRef = 829A194229098FD900D85174 /* BusDetailsView.swift */; };
		829A1945290A773B00D85174 /* BusMapViewCoordinator.swift in Sources */ = {isa = PBXBuildFile; fileRef = 829A1944290A773B00D85174 /* BusMapViewCoordinator.swift */; };
		829A194C290A9B2100D85174 /* BusInfoView.swift in Sources */ = {isa = PBXBuildFile; fileRef = 829A194B290A9B2100D85174 /* BusInfoView.swift */; };
		829A1953290BCC9E00D85174 /* MapDataProviderProtocol.swift in Sources */ = {isa = PBXBuildFile; fileRef = 829A1952290BCC9E00D85174 /* MapDataProviderProtocol.swift */; };
		829A1955290BCCAE00D85174 /* MapDataProvider.swift in Sources */ = {isa = PBXBuildFile; fileRef = 829A1954290BCCAE00D85174 /* MapDataProvider.swift */; };
/* End PBXBuildFile section */

/* Begin PBXContainerItemProxy section */
		829A18CE28FC71E100D85174 /* PBXContainerItemProxy */ = {
			isa = PBXContainerItemProxy;
			containerPortal = 829A18B528FC71E000D85174 /* Project object */;
			proxyType = 1;
			remoteGlobalIDString = 829A18BC28FC71E000D85174;
			remoteInfo = Trantalya;
		};
		829A18D828FC71E100D85174 /* PBXContainerItemProxy */ = {
			isa = PBXContainerItemProxy;
			containerPortal = 829A18B528FC71E000D85174 /* Project object */;
			proxyType = 1;
			remoteGlobalIDString = 829A18BC28FC71E000D85174;
			remoteInfo = Trantalya;
		};
/* End PBXContainerItemProxy section */

/* Begin PBXFileReference section */
		829A18BD28FC71E000D85174 /* Trantalya.app */ = {isa = PBXFileReference; explicitFileType = wrapper.application; includeInIndex = 0; path = Trantalya.app; sourceTree = BUILT_PRODUCTS_DIR; };
		829A18C028FC71E000D85174 /* TrantalyaApp.swift */ = {isa = PBXFileReference; lastKnownFileType = sourcecode.swift; path = TrantalyaApp.swift; sourceTree = "<group>"; };
		829A18C228FC71E000D85174 /* BusStopScheduleList.swift */ = {isa = PBXFileReference; lastKnownFileType = sourcecode.swift; path = BusStopScheduleList.swift; sourceTree = "<group>"; };
		829A18C428FC71E100D85174 /* Assets.xcassets */ = {isa = PBXFileReference; lastKnownFileType = folder.assetcatalog; path = Assets.xcassets; sourceTree = "<group>"; };
		829A18C728FC71E100D85174 /* Preview Assets.xcassets */ = {isa = PBXFileReference; lastKnownFileType = folder.assetcatalog; path = "Preview Assets.xcassets"; sourceTree = "<group>"; };
		829A18CD28FC71E100D85174 /* TrantalyaTests.xctest */ = {isa = PBXFileReference; explicitFileType = wrapper.cfbundle; includeInIndex = 0; path = TrantalyaTests.xctest; sourceTree = BUILT_PRODUCTS_DIR; };
		829A18D128FC71E100D85174 /* TrantalyaTests.swift */ = {isa = PBXFileReference; lastKnownFileType = sourcecode.swift; path = TrantalyaTests.swift; sourceTree = "<group>"; };
		829A18D728FC71E100D85174 /* TrantalyaUITests.xctest */ = {isa = PBXFileReference; explicitFileType = wrapper.cfbundle; includeInIndex = 0; path = TrantalyaUITests.xctest; sourceTree = BUILT_PRODUCTS_DIR; };
		829A18DB28FC71E100D85174 /* TrantalyaUITests.swift */ = {isa = PBXFileReference; lastKnownFileType = sourcecode.swift; path = TrantalyaUITests.swift; sourceTree = "<group>"; };
		829A18DD28FC71E100D85174 /* TrantalyaUITestsLaunchTests.swift */ = {isa = PBXFileReference; lastKnownFileType = sourcecode.swift; path = TrantalyaUITestsLaunchTests.swift; sourceTree = "<group>"; };
		829A18EB28FC729100D85174 /* MainSessionProtocol.swift */ = {isa = PBXFileReference; lastKnownFileType = sourcecode.swift; path = MainSessionProtocol.swift; sourceTree = "<group>"; };
		829A18ED28FC745B00D85174 /* MainSession.swift */ = {isa = PBXFileReference; lastKnownFileType = sourcecode.swift; path = MainSession.swift; sourceTree = "<group>"; };
		829A18F028FDB5BB00D85174 /* Route.swift */ = {isa = PBXFileReference; lastKnownFileType = sourcecode.swift; path = Route.swift; sourceTree = "<group>"; };
		829A18F228FDB6FF00D85174 /* BusListResponse.swift */ = {isa = PBXFileReference; lastKnownFileType = sourcecode.swift; path = BusListResponse.swift; sourceTree = "<group>"; };
		829A18F428FDEE1900D85174 /* Bus.swift */ = {isa = PBXFileReference; lastKnownFileType = sourcecode.swift; path = Bus.swift; sourceTree = "<group>"; };
		829A19102901AC2F00D85174 /* Schedule.swift */ = {isa = PBXFileReference; lastKnownFileType = sourcecode.swift; path = Schedule.swift; sourceTree = "<group>"; };
		829A19122901AC5900D85174 /* Time.swift */ = {isa = PBXFileReference; lastKnownFileType = sourcecode.swift; path = Time.swift; sourceTree = "<group>"; };
		829A19142901B30E00D85174 /* ScheduleResponse.swift */ = {isa = PBXFileReference; lastKnownFileType = sourcecode.swift; path = ScheduleResponse.swift; sourceTree = "<group>"; };
		829A191729027FCD00D85174 /* RouteSchedule.swift */ = {isa = PBXFileReference; lastKnownFileType = sourcecode.swift; path = RouteSchedule.swift; sourceTree = "<group>"; };
		829A19192902828800D85174 /* TimeTag.swift */ = {isa = PBXFileReference; lastKnownFileType = sourcecode.swift; path = TimeTag.swift; sourceTree = "<group>"; };
		829A191B290283B500D85174 /* RouteScheduleView.swift */ = {isa = PBXFileReference; lastKnownFileType = sourcecode.swift; path = RouteScheduleView.swift; sourceTree = "<group>"; };
		829A191E29043E3900D85174 /* TimeColorResolverProtocol.swift */ = {isa = PBXFileReference; lastKnownFileType = sourcecode.swift; path = TimeColorResolverProtocol.swift; sourceTree = "<group>"; };
		829A192029043EB400D85174 /* TimeColorResolver.swift */ = {isa = PBXFileReference; lastKnownFileType = sourcecode.swift; path = TimeColorResolver.swift; sourceTree = "<group>"; };
		829A19222904501C00D85174 /* ScheduleSkeletonView.swift */ = {isa = PBXFileReference; lastKnownFileType = sourcecode.swift; path = ScheduleSkeletonView.swift; sourceTree = "<group>"; };
		829A19282904554200D85174 /* BaseSkeletonView.swift */ = {isa = PBXFileReference; lastKnownFileType = sourcecode.swift; path = BaseSkeletonView.swift; sourceTree = "<group>"; };
		829A192A29090BA000D85174 /* DayType.swift */ = {isa = PBXFileReference; lastKnownFileType = sourcecode.swift; path = DayType.swift; sourceTree = "<group>"; };
		829A192C29090CF900D85174 /* RouteDirection.swift */ = {isa = PBXFileReference; lastKnownFileType = sourcecode.swift; path = RouteDirection.swift; sourceTree = "<group>"; };
		829A192E2909323800D85174 /* RouteSingleSchedule.swift */ = {isa = PBXFileReference; lastKnownFileType = sourcecode.swift; path = RouteSingleSchedule.swift; sourceTree = "<group>"; };
		829A193829096D3100D85174 /* Vertex.swift */ = {isa = PBXFileReference; lastKnownFileType = sourcecode.swift; path = Vertex.swift; sourceTree = "<group>"; };
		829A193A29096DB500D85174 /* MapBus.swift */ = {isa = PBXFileReference; lastKnownFileType = sourcecode.swift; path = MapBus.swift; sourceTree = "<group>"; };
		829A193C2909728D00D85174 /* MapStop.swift */ = {isa = PBXFileReference; lastKnownFileType = sourcecode.swift; path = MapStop.swift; sourceTree = "<group>"; };
		829A193E29098E0A00D85174 /* MapData.swift */ = {isa = PBXFileReference; lastKnownFileType = sourcecode.swift; path = MapData.swift; sourceTree = "<group>"; };
		829A194029098F7D00D85174 /* BusMapView.swift */ = {isa = PBXFileReference; lastKnownFileType = sourcecode.swift; path = BusMapView.swift; sourceTree = "<group>"; };
		829A194229098FD900D85174 /* BusDetailsView.swift */ = {isa = PBXFileReference; lastKnownFileType = sourcecode.swift; path = BusDetailsView.swift; sourceTree = "<group>"; };
		829A1944290A773B00D85174 /* BusMapViewCoordinator.swift */ = {isa = PBXFileReference; lastKnownFileType = sourcecode.swift; path = BusMapViewCoordinator.swift; sourceTree = "<group>"; };
		829A194B290A9B2100D85174 /* BusInfoView.swift */ = {isa = PBXFileReference; lastKnownFileType = sourcecode.swift; path = BusInfoView.swift; sourceTree = "<group>"; };
		829A1952290BCC9E00D85174 /* MapDataProviderProtocol.swift */ = {isa = PBXFileReference; lastKnownFileType = sourcecode.swift; path = MapDataProviderProtocol.swift; sourceTree = "<group>"; };
		829A1954290BCCAE00D85174 /* MapDataProvider.swift */ = {isa = PBXFileReference; lastKnownFileType = sourcecode.swift; path = MapDataProvider.swift; sourceTree = "<group>"; };
/* End PBXFileReference section */

/* Begin PBXFrameworksBuildPhase section */
		829A18BA28FC71E000D85174 /* Frameworks */ = {
			isa = PBXFrameworksBuildPhase;
			buildActionMask = 2147483647;
			files = (
				829A1926290451EE00D85174 /* SkeletonUI in Frameworks */,
			);
			runOnlyForDeploymentPostprocessing = 0;
		};
		829A18CA28FC71E100D85174 /* Frameworks */ = {
			isa = PBXFrameworksBuildPhase;
			buildActionMask = 2147483647;
			files = (
			);
			runOnlyForDeploymentPostprocessing = 0;
		};
		829A18D428FC71E100D85174 /* Frameworks */ = {
			isa = PBXFrameworksBuildPhase;
			buildActionMask = 2147483647;
			files = (
			);
			runOnlyForDeploymentPostprocessing = 0;
		};
/* End PBXFrameworksBuildPhase section */

/* Begin PBXGroup section */
		829A18B428FC71E000D85174 = {
			isa = PBXGroup;
			children = (
				829A18BF28FC71E000D85174 /* Trantalya */,
				829A18D028FC71E100D85174 /* TrantalyaTests */,
				829A18DA28FC71E100D85174 /* TrantalyaUITests */,
				829A18BE28FC71E000D85174 /* Products */,
			);
			sourceTree = "<group>";
		};
		829A18BE28FC71E000D85174 /* Products */ = {
			isa = PBXGroup;
			children = (
				829A18BD28FC71E000D85174 /* Trantalya.app */,
				829A18CD28FC71E100D85174 /* TrantalyaTests.xctest */,
				829A18D728FC71E100D85174 /* TrantalyaUITests.xctest */,
			);
			name = Products;
			sourceTree = "<group>";
		};
		829A18BF28FC71E000D85174 /* Trantalya */ = {
			isa = PBXGroup;
			children = (
				829A1933290935F500D85174 /* Shared */,
				829A1930290934DD00D85174 /* BusStopScheduleList */,
				829A19352909368C00D85174 /* RouteDetails */,
				829A18C028FC71E000D85174 /* TrantalyaApp.swift */,
				829A18C428FC71E100D85174 /* Assets.xcassets */,
				829A18C628FC71E100D85174 /* Preview Content */,
			);
			path = Trantalya;
			sourceTree = "<group>";
		};
		829A18C628FC71E100D85174 /* Preview Content */ = {
			isa = PBXGroup;
			children = (
				829A18C728FC71E100D85174 /* Preview Assets.xcassets */,
			);
			path = "Preview Content";
			sourceTree = "<group>";
		};
		829A18D028FC71E100D85174 /* TrantalyaTests */ = {
			isa = PBXGroup;
			children = (
				829A18D128FC71E100D85174 /* TrantalyaTests.swift */,
			);
			path = TrantalyaTests;
			sourceTree = "<group>";
		};
		829A18DA28FC71E100D85174 /* TrantalyaUITests */ = {
			isa = PBXGroup;
			children = (
				829A18DB28FC71E100D85174 /* TrantalyaUITests.swift */,
				829A18DD28FC71E100D85174 /* TrantalyaUITestsLaunchTests.swift */,
			);
			path = TrantalyaUITests;
			sourceTree = "<group>";
		};
		829A18EA28FC721400D85174 /* Network */ = {
			isa = PBXGroup;
			children = (
				829A18F928FEEADF00D85174 /* Session */,
			);
			path = Network;
			sourceTree = "<group>";
		};
		829A18EF28FDB57B00D85174 /* BusListStructs */ = {
			isa = PBXGroup;
			children = (
				829A18F028FDB5BB00D85174 /* Route.swift */,
				829A18F428FDEE1900D85174 /* Bus.swift */,
				829A18F228FDB6FF00D85174 /* BusListResponse.swift */,
			);
			path = BusListStructs;
			sourceTree = "<group>";
		};
		829A18F628FEEA8200D85174 /* Model */ = {
			isa = PBXGroup;
			children = (
				829A191D29043DF300D85174 /* Utils */,
				829A18EA28FC721400D85174 /* Network */,
			);
			path = Model;
			sourceTree = "<group>";
		};
		829A18F728FEEA9E00D85174 /* View */ = {
			isa = PBXGroup;
			children = (
				829A19272904552B00D85174 /* SkeletonView */,
			);
			path = View;
			sourceTree = "<group>";
		};
		829A18F928FEEADF00D85174 /* Session */ = {
			isa = PBXGroup;
			children = (
				829A18EB28FC729100D85174 /* MainSessionProtocol.swift */,
				829A18ED28FC745B00D85174 /* MainSession.swift */,
			);
			path = Session;
			sourceTree = "<group>";
		};
		829A190F2901AC0B00D85174 /* ScheduleStructs */ = {
			isa = PBXGroup;
			children = (
				829A19142901B30E00D85174 /* ScheduleResponse.swift */,
				829A19102901AC2F00D85174 /* Schedule.swift */,
				829A19122901AC5900D85174 /* Time.swift */,
				829A192A29090BA000D85174 /* DayType.swift */,
				829A192C29090CF900D85174 /* RouteDirection.swift */,
			);
			path = ScheduleStructs;
			sourceTree = "<group>";
		};
		829A191629027FAD00D85174 /* ViewData */ = {
			isa = PBXGroup;
			children = (
				829A191729027FCD00D85174 /* RouteSchedule.swift */,
				829A192E2909323800D85174 /* RouteSingleSchedule.swift */,
			);
			path = ViewData;
			sourceTree = "<group>";
		};
		829A191D29043DF300D85174 /* Utils */ = {
			isa = PBXGroup;
			children = (
				829A191E29043E3900D85174 /* TimeColorResolverProtocol.swift */,
				829A192029043EB400D85174 /* TimeColorResolver.swift */,
			);
			path = Utils;
			sourceTree = "<group>";
		};
		829A19272904552B00D85174 /* SkeletonView */ = {
			isa = PBXGroup;
			children = (
				829A19282904554200D85174 /* BaseSkeletonView.swift */,
			);
			path = SkeletonView;
			sourceTree = "<group>";
		};
		829A1930290934DD00D85174 /* BusStopScheduleList */ = {
			isa = PBXGroup;
			children = (
				829A1932290935C500D85174 /* Model */,
				829A19312909356E00D85174 /* View */,
				829A191629027FAD00D85174 /* ViewData */,
			);
			path = BusStopScheduleList;
			sourceTree = "<group>";
		};
		829A19312909356E00D85174 /* View */ = {
			isa = PBXGroup;
			children = (
				829A19222904501C00D85174 /* ScheduleSkeletonView.swift */,
				829A19192902828800D85174 /* TimeTag.swift */,
				829A191B290283B500D85174 /* RouteScheduleView.swift */,
				829A18C228FC71E000D85174 /* BusStopScheduleList.swift */,
			);
			path = View;
			sourceTree = "<group>";
		};
		829A1932290935C500D85174 /* Model */ = {
			isa = PBXGroup;
			children = (
				829A18EF28FDB57B00D85174 /* BusListStructs */,
				829A190F2901AC0B00D85174 /* ScheduleStructs */,
			);
			path = Model;
			sourceTree = "<group>";
		};
		829A1933290935F500D85174 /* Shared */ = {
			isa = PBXGroup;
			children = (
				829A18F728FEEA9E00D85174 /* View */,
				829A18F628FEEA8200D85174 /* Model */,
			);
			path = Shared;
			sourceTree = "<group>";
		};
		829A19352909368C00D85174 /* RouteDetails */ = {
			isa = PBXGroup;
			children = (
				829A1937290936C200D85174 /* View */,
				829A1936290936A400D85174 /* Model */,
			);
			path = RouteDetails;
			sourceTree = "<group>";
		};
		829A1936290936A400D85174 /* Model */ = {
			isa = PBXGroup;
			children = (
				829A1951290BCC7800D85174 /* MapDataProvider */,
				829A193829096D3100D85174 /* Vertex.swift */,
				829A193A29096DB500D85174 /* MapBus.swift */,
				829A193C2909728D00D85174 /* MapStop.swift */,
				829A193E29098E0A00D85174 /* MapData.swift */,
			);
			path = Model;
			sourceTree = "<group>";
		};
		829A1937290936C200D85174 /* View */ = {
			isa = PBXGroup;
			children = (
				829A194229098FD900D85174 /* BusDetailsView.swift */,
				829A1946290A846600D85174 /* Map */,
				829A194A290A9B0B00D85174 /* BusInfo */,
			);
			path = View;
			sourceTree = "<group>";
		};
		829A1946290A846600D85174 /* Map */ = {
			isa = PBXGroup;
			children = (
				829A194029098F7D00D85174 /* BusMapView.swift */,
				829A1944290A773B00D85174 /* BusMapViewCoordinator.swift */,
			);
			path = Map;
			sourceTree = "<group>";
		};
		829A194A290A9B0B00D85174 /* BusInfo */ = {
			isa = PBXGroup;
			children = (
				829A194B290A9B2100D85174 /* BusInfoView.swift */,
			);
			path = BusInfo;
			sourceTree = "<group>";
		};
		829A1951290BCC7800D85174 /* MapDataProvider */ = {
			isa = PBXGroup;
			children = (
				829A1952290BCC9E00D85174 /* MapDataProviderProtocol.swift */,
				829A1954290BCCAE00D85174 /* MapDataProvider.swift */,
			);
			path = MapDataProvider;
			sourceTree = "<group>";
		};
/* End PBXGroup section */

/* Begin PBXNativeTarget section */
		829A18BC28FC71E000D85174 /* Trantalya */ = {
			isa = PBXNativeTarget;
			buildConfigurationList = 829A18E128FC71E100D85174 /* Build configuration list for PBXNativeTarget "Trantalya" */;
			buildPhases = (
				829A18B928FC71E000D85174 /* Sources */,
				829A18BA28FC71E000D85174 /* Frameworks */,
				829A18BB28FC71E000D85174 /* Resources */,
			);
			buildRules = (
			);
			dependencies = (
			);
			name = Trantalya;
			packageProductDependencies = (
				829A1925290451EE00D85174 /* SkeletonUI */,
			);
			productName = Trantalya;
			productReference = 829A18BD28FC71E000D85174 /* Trantalya.app */;
			productType = "com.apple.product-type.application";
		};
		829A18CC28FC71E100D85174 /* TrantalyaTests */ = {
			isa = PBXNativeTarget;
			buildConfigurationList = 829A18E428FC71E100D85174 /* Build configuration list for PBXNativeTarget "TrantalyaTests" */;
			buildPhases = (
				829A18C928FC71E100D85174 /* Sources */,
				829A18CA28FC71E100D85174 /* Frameworks */,
				829A18CB28FC71E100D85174 /* Resources */,
			);
			buildRules = (
			);
			dependencies = (
				829A18CF28FC71E100D85174 /* PBXTargetDependency */,
			);
			name = TrantalyaTests;
			productName = TrantalyaTests;
			productReference = 829A18CD28FC71E100D85174 /* TrantalyaTests.xctest */;
			productType = "com.apple.product-type.bundle.unit-test";
		};
		829A18D628FC71E100D85174 /* TrantalyaUITests */ = {
			isa = PBXNativeTarget;
			buildConfigurationList = 829A18E728FC71E100D85174 /* Build configuration list for PBXNativeTarget "TrantalyaUITests" */;
			buildPhases = (
				829A18D328FC71E100D85174 /* Sources */,
				829A18D428FC71E100D85174 /* Frameworks */,
				829A18D528FC71E100D85174 /* Resources */,
			);
			buildRules = (
			);
			dependencies = (
				829A18D928FC71E100D85174 /* PBXTargetDependency */,
			);
			name = TrantalyaUITests;
			productName = TrantalyaUITests;
			productReference = 829A18D728FC71E100D85174 /* TrantalyaUITests.xctest */;
			productType = "com.apple.product-type.bundle.ui-testing";
		};
/* End PBXNativeTarget section */

/* Begin PBXProject section */
		829A18B528FC71E000D85174 /* Project object */ = {
			isa = PBXProject;
			attributes = {
				BuildIndependentTargetsInParallel = 1;
				LastSwiftUpdateCheck = 1330;
				LastUpgradeCheck = 1330;
				TargetAttributes = {
					829A18BC28FC71E000D85174 = {
						CreatedOnToolsVersion = 13.3.1;
					};
					829A18CC28FC71E100D85174 = {
						CreatedOnToolsVersion = 13.3.1;
						TestTargetID = 829A18BC28FC71E000D85174;
					};
					829A18D628FC71E100D85174 = {
						CreatedOnToolsVersion = 13.3.1;
						TestTargetID = 829A18BC28FC71E000D85174;
					};
				};
			};
			buildConfigurationList = 829A18B828FC71E000D85174 /* Build configuration list for PBXProject "Trantalya" */;
			compatibilityVersion = "Xcode 13.0";
			developmentRegion = en;
			hasScannedForEncodings = 0;
			knownRegions = (
				en,
				Base,
			);
			mainGroup = 829A18B428FC71E000D85174;
			packageReferences = (
				829A1924290451EE00D85174 /* XCRemoteSwiftPackageReference "SkeletonUI" */,
			);
			productRefGroup = 829A18BE28FC71E000D85174 /* Products */;
			projectDirPath = "";
			projectRoot = "";
			targets = (
				829A18BC28FC71E000D85174 /* Trantalya */,
				829A18CC28FC71E100D85174 /* TrantalyaTests */,
				829A18D628FC71E100D85174 /* TrantalyaUITests */,
			);
		};
/* End PBXProject section */

/* Begin PBXResourcesBuildPhase section */
		829A18BB28FC71E000D85174 /* Resources */ = {
			isa = PBXResourcesBuildPhase;
			buildActionMask = 2147483647;
			files = (
				829A18C828FC71E100D85174 /* Preview Assets.xcassets in Resources */,
				829A18C528FC71E100D85174 /* Assets.xcassets in Resources */,
			);
			runOnlyForDeploymentPostprocessing = 0;
		};
		829A18CB28FC71E100D85174 /* Resources */ = {
			isa = PBXResourcesBuildPhase;
			buildActionMask = 2147483647;
			files = (
			);
			runOnlyForDeploymentPostprocessing = 0;
		};
		829A18D528FC71E100D85174 /* Resources */ = {
			isa = PBXResourcesBuildPhase;
			buildActionMask = 2147483647;
			files = (
			);
			runOnlyForDeploymentPostprocessing = 0;
		};
/* End PBXResourcesBuildPhase section */

/* Begin PBXSourcesBuildPhase section */
		829A18B928FC71E000D85174 /* Sources */ = {
			isa = PBXSourcesBuildPhase;
			buildActionMask = 2147483647;
			files = (
				829A193D2909728D00D85174 /* MapStop.swift in Sources */,
				829A18F528FDEE1900D85174 /* Bus.swift in Sources */,
				829A191C290283B500D85174 /* RouteScheduleView.swift in Sources */,
				829A19232904501C00D85174 /* ScheduleSkeletonView.swift in Sources */,
				829A191829027FCD00D85174 /* RouteSchedule.swift in Sources */,
				829A18C328FC71E000D85174 /* BusStopScheduleList.swift in Sources */,
				829A193929096D3100D85174 /* Vertex.swift in Sources */,
				829A18EE28FC745B00D85174 /* MainSession.swift in Sources */,
				829A18EC28FC729100D85174 /* MainSessionProtocol.swift in Sources */,
				829A19292904554200D85174 /* BaseSkeletonView.swift in Sources */,
				829A191F29043E3900D85174 /* TimeColorResolverProtocol.swift in Sources */,
				829A1945290A773B00D85174 /* BusMapViewCoordinator.swift in Sources */,
				829A18F328FDB6FF00D85174 /* BusListResponse.swift in Sources */,
				829A192F2909323800D85174 /* RouteSingleSchedule.swift in Sources */,
				829A192D29090CF900D85174 /* RouteDirection.swift in Sources */,
				829A194129098F7D00D85174 /* BusMapView.swift in Sources */,
				829A19152901B30E00D85174 /* ScheduleResponse.swift in Sources */,
				829A193B29096DB500D85174 /* MapBus.swift in Sources */,
				829A1955290BCCAE00D85174 /* MapDataProvider.swift in Sources */,
				829A1953290BCC9E00D85174 /* MapDataProviderProtocol.swift in Sources */,
				829A193F29098E0A00D85174 /* MapData.swift in Sources */,
				829A194329098FD900D85174 /* BusDetailsView.swift in Sources */,
				829A191A2902828800D85174 /* TimeTag.swift in Sources */,
				829A192129043EB400D85174 /* TimeColorResolver.swift in Sources */,
				829A18C128FC71E000D85174 /* TrantalyaApp.swift in Sources */,
				829A192B29090BA000D85174 /* DayType.swift in Sources */,
				829A194C290A9B2100D85174 /* BusInfoView.swift in Sources */,
				829A19132901AC5900D85174 /* Time.swift in Sources */,
				829A19112901AC2F00D85174 /* Schedule.swift in Sources */,
				829A18F128FDB5BB00D85174 /* Route.swift in Sources */,
			);
			runOnlyForDeploymentPostprocessing = 0;
		};
		829A18C928FC71E100D85174 /* Sources */ = {
			isa = PBXSourcesBuildPhase;
			buildActionMask = 2147483647;
			files = (
				829A18D228FC71E100D85174 /* TrantalyaTests.swift in Sources */,
			);
			runOnlyForDeploymentPostprocessing = 0;
		};
		829A18D328FC71E100D85174 /* Sources */ = {
			isa = PBXSourcesBuildPhase;
			buildActionMask = 2147483647;
			files = (
				829A18DC28FC71E100D85174 /* TrantalyaUITests.swift in Sources */,
				829A18DE28FC71E100D85174 /* TrantalyaUITestsLaunchTests.swift in Sources */,
			);
			runOnlyForDeploymentPostprocessing = 0;
		};
/* End PBXSourcesBuildPhase section */

/* Begin PBXTargetDependency section */
		829A18CF28FC71E100D85174 /* PBXTargetDependency */ = {
			isa = PBXTargetDependency;
			target = 829A18BC28FC71E000D85174 /* Trantalya */;
			targetProxy = 829A18CE28FC71E100D85174 /* PBXContainerItemProxy */;
		};
		829A18D928FC71E100D85174 /* PBXTargetDependency */ = {
			isa = PBXTargetDependency;
			target = 829A18BC28FC71E000D85174 /* Trantalya */;
			targetProxy = 829A18D828FC71E100D85174 /* PBXContainerItemProxy */;
		};
/* End PBXTargetDependency section */

/* Begin XCBuildConfiguration section */
		829A18DF28FC71E100D85174 /* Debug */ = {
			isa = XCBuildConfiguration;
			buildSettings = {
				ALWAYS_SEARCH_USER_PATHS = NO;
				CLANG_ANALYZER_NONNULL = YES;
				CLANG_ANALYZER_NUMBER_OBJECT_CONVERSION = YES_AGGRESSIVE;
				CLANG_CXX_LANGUAGE_STANDARD = "gnu++17";
				CLANG_ENABLE_MODULES = YES;
				CLANG_ENABLE_OBJC_ARC = YES;
				CLANG_ENABLE_OBJC_WEAK = YES;
				CLANG_WARN_BLOCK_CAPTURE_AUTORELEASING = YES;
				CLANG_WARN_BOOL_CONVERSION = YES;
				CLANG_WARN_COMMA = YES;
				CLANG_WARN_CONSTANT_CONVERSION = YES;
				CLANG_WARN_DEPRECATED_OBJC_IMPLEMENTATIONS = YES;
				CLANG_WARN_DIRECT_OBJC_ISA_USAGE = YES_ERROR;
				CLANG_WARN_DOCUMENTATION_COMMENTS = YES;
				CLANG_WARN_EMPTY_BODY = YES;
				CLANG_WARN_ENUM_CONVERSION = YES;
				CLANG_WARN_INFINITE_RECURSION = YES;
				CLANG_WARN_INT_CONVERSION = YES;
				CLANG_WARN_NON_LITERAL_NULL_CONVERSION = YES;
				CLANG_WARN_OBJC_IMPLICIT_RETAIN_SELF = YES;
				CLANG_WARN_OBJC_LITERAL_CONVERSION = YES;
				CLANG_WARN_OBJC_ROOT_CLASS = YES_ERROR;
				CLANG_WARN_QUOTED_INCLUDE_IN_FRAMEWORK_HEADER = YES;
				CLANG_WARN_RANGE_LOOP_ANALYSIS = YES;
				CLANG_WARN_STRICT_PROTOTYPES = YES;
				CLANG_WARN_SUSPICIOUS_MOVE = YES;
				CLANG_WARN_UNGUARDED_AVAILABILITY = YES_AGGRESSIVE;
				CLANG_WARN_UNREACHABLE_CODE = YES;
				CLANG_WARN__DUPLICATE_METHOD_MATCH = YES;
				COPY_PHASE_STRIP = NO;
				DEBUG_INFORMATION_FORMAT = dwarf;
				ENABLE_STRICT_OBJC_MSGSEND = YES;
				ENABLE_TESTABILITY = YES;
				GCC_C_LANGUAGE_STANDARD = gnu11;
				GCC_DYNAMIC_NO_PIC = NO;
				GCC_NO_COMMON_BLOCKS = YES;
				GCC_OPTIMIZATION_LEVEL = 0;
				GCC_PREPROCESSOR_DEFINITIONS = (
					"DEBUG=1",
					"$(inherited)",
				);
				GCC_WARN_64_TO_32_BIT_CONVERSION = YES;
				GCC_WARN_ABOUT_RETURN_TYPE = YES_ERROR;
				GCC_WARN_UNDECLARED_SELECTOR = YES;
				GCC_WARN_UNINITIALIZED_AUTOS = YES_AGGRESSIVE;
				GCC_WARN_UNUSED_FUNCTION = YES;
				GCC_WARN_UNUSED_VARIABLE = YES;
				IPHONEOS_DEPLOYMENT_TARGET = 15.4;
				MTL_ENABLE_DEBUG_INFO = INCLUDE_SOURCE;
				MTL_FAST_MATH = YES;
				ONLY_ACTIVE_ARCH = YES;
				SDKROOT = iphoneos;
				SWIFT_ACTIVE_COMPILATION_CONDITIONS = DEBUG;
				SWIFT_OPTIMIZATION_LEVEL = "-Onone";
			};
			name = Debug;
		};
		829A18E028FC71E100D85174 /* Release */ = {
			isa = XCBuildConfiguration;
			buildSettings = {
				ALWAYS_SEARCH_USER_PATHS = NO;
				CLANG_ANALYZER_NONNULL = YES;
				CLANG_ANALYZER_NUMBER_OBJECT_CONVERSION = YES_AGGRESSIVE;
				CLANG_CXX_LANGUAGE_STANDARD = "gnu++17";
				CLANG_ENABLE_MODULES = YES;
				CLANG_ENABLE_OBJC_ARC = YES;
				CLANG_ENABLE_OBJC_WEAK = YES;
				CLANG_WARN_BLOCK_CAPTURE_AUTORELEASING = YES;
				CLANG_WARN_BOOL_CONVERSION = YES;
				CLANG_WARN_COMMA = YES;
				CLANG_WARN_CONSTANT_CONVERSION = YES;
				CLANG_WARN_DEPRECATED_OBJC_IMPLEMENTATIONS = YES;
				CLANG_WARN_DIRECT_OBJC_ISA_USAGE = YES_ERROR;
				CLANG_WARN_DOCUMENTATION_COMMENTS = YES;
				CLANG_WARN_EMPTY_BODY = YES;
				CLANG_WARN_ENUM_CONVERSION = YES;
				CLANG_WARN_INFINITE_RECURSION = YES;
				CLANG_WARN_INT_CONVERSION = YES;
				CLANG_WARN_NON_LITERAL_NULL_CONVERSION = YES;
				CLANG_WARN_OBJC_IMPLICIT_RETAIN_SELF = YES;
				CLANG_WARN_OBJC_LITERAL_CONVERSION = YES;
				CLANG_WARN_OBJC_ROOT_CLASS = YES_ERROR;
				CLANG_WARN_QUOTED_INCLUDE_IN_FRAMEWORK_HEADER = YES;
				CLANG_WARN_RANGE_LOOP_ANALYSIS = YES;
				CLANG_WARN_STRICT_PROTOTYPES = YES;
				CLANG_WARN_SUSPICIOUS_MOVE = YES;
				CLANG_WARN_UNGUARDED_AVAILABILITY = YES_AGGRESSIVE;
				CLANG_WARN_UNREACHABLE_CODE = YES;
				CLANG_WARN__DUPLICATE_METHOD_MATCH = YES;
				COPY_PHASE_STRIP = NO;
				DEBUG_INFORMATION_FORMAT = "dwarf-with-dsym";
				ENABLE_NS_ASSERTIONS = NO;
				ENABLE_STRICT_OBJC_MSGSEND = YES;
				GCC_C_LANGUAGE_STANDARD = gnu11;
				GCC_NO_COMMON_BLOCKS = YES;
				GCC_WARN_64_TO_32_BIT_CONVERSION = YES;
				GCC_WARN_ABOUT_RETURN_TYPE = YES_ERROR;
				GCC_WARN_UNDECLARED_SELECTOR = YES;
				GCC_WARN_UNINITIALIZED_AUTOS = YES_AGGRESSIVE;
				GCC_WARN_UNUSED_FUNCTION = YES;
				GCC_WARN_UNUSED_VARIABLE = YES;
				IPHONEOS_DEPLOYMENT_TARGET = 15.4;
				MTL_ENABLE_DEBUG_INFO = NO;
				MTL_FAST_MATH = YES;
				SDKROOT = iphoneos;
				SWIFT_COMPILATION_MODE = wholemodule;
				SWIFT_OPTIMIZATION_LEVEL = "-O";
				VALIDATE_PRODUCT = YES;
			};
			name = Release;
		};
		829A18E228FC71E100D85174 /* Debug */ = {
			isa = XCBuildConfiguration;
			buildSettings = {
				ASSETCATALOG_COMPILER_APPICON_NAME = AppIcon;
				ASSETCATALOG_COMPILER_GLOBAL_ACCENT_COLOR_NAME = AccentColor;
				CODE_SIGN_STYLE = Automatic;
				CURRENT_PROJECT_VERSION = 1;
				DEVELOPMENT_ASSET_PATHS = "\"Trantalya/Preview Content\"";
				DEVELOPMENT_TEAM = TQK53PF52L;
				ENABLE_PREVIEWS = YES;
				GENERATE_INFOPLIST_FILE = YES;
				INFOPLIST_KEY_UIApplicationSceneManifest_Generation = YES;
				INFOPLIST_KEY_UIApplicationSupportsIndirectInputEvents = YES;
				INFOPLIST_KEY_UILaunchScreen_Generation = YES;
				INFOPLIST_KEY_UISupportedInterfaceOrientations_iPad = "UIInterfaceOrientationPortrait UIInterfaceOrientationPortraitUpsideDown UIInterfaceOrientationLandscapeLeft UIInterfaceOrientationLandscapeRight";
				INFOPLIST_KEY_UISupportedInterfaceOrientations_iPhone = "UIInterfaceOrientationPortrait UIInterfaceOrientationLandscapeLeft UIInterfaceOrientationLandscapeRight";
				IPHONEOS_DEPLOYMENT_TARGET = 15.0;
				LD_RUNPATH_SEARCH_PATHS = (
					"$(inherited)",
					"@executable_path/Frameworks",
				);
				MARKETING_VERSION = 1.0;
				PRODUCT_BUNDLE_IDENTIFIER = anegvonapets.Trantalya;
				PRODUCT_NAME = "$(TARGET_NAME)";
				SWIFT_EMIT_LOC_STRINGS = YES;
				SWIFT_VERSION = 5.0;
				TARGETED_DEVICE_FAMILY = "1,2";
			};
			name = Debug;
		};
		829A18E328FC71E100D85174 /* Release */ = {
			isa = XCBuildConfiguration;
			buildSettings = {
				ASSETCATALOG_COMPILER_APPICON_NAME = AppIcon;
				ASSETCATALOG_COMPILER_GLOBAL_ACCENT_COLOR_NAME = AccentColor;
				CODE_SIGN_STYLE = Automatic;
				CURRENT_PROJECT_VERSION = 1;
				DEVELOPMENT_ASSET_PATHS = "\"Trantalya/Preview Content\"";
				DEVELOPMENT_TEAM = TQK53PF52L;
				ENABLE_PREVIEWS = YES;
				GENERATE_INFOPLIST_FILE = YES;
				INFOPLIST_KEY_UIApplicationSceneManifest_Generation = YES;
				INFOPLIST_KEY_UIApplicationSupportsIndirectInputEvents = YES;
				INFOPLIST_KEY_UILaunchScreen_Generation = YES;
				INFOPLIST_KEY_UISupportedInterfaceOrientations_iPad = "UIInterfaceOrientationPortrait UIInterfaceOrientationPortraitUpsideDown UIInterfaceOrientationLandscapeLeft UIInterfaceOrientationLandscapeRight";
				INFOPLIST_KEY_UISupportedInterfaceOrientations_iPhone = "UIInterfaceOrientationPortrait UIInterfaceOrientationLandscapeLeft UIInterfaceOrientationLandscapeRight";
				IPHONEOS_DEPLOYMENT_TARGET = 15.0;
				LD_RUNPATH_SEARCH_PATHS = (
					"$(inherited)",
					"@executable_path/Frameworks",
				);
				MARKETING_VERSION = 1.0;
				PRODUCT_BUNDLE_IDENTIFIER = anegvonapets.Trantalya;
				PRODUCT_NAME = "$(TARGET_NAME)";
				SWIFT_EMIT_LOC_STRINGS = YES;
				SWIFT_VERSION = 5.0;
				TARGETED_DEVICE_FAMILY = "1,2";
			};
			name = Release;
		};
		829A18E528FC71E100D85174 /* Debug */ = {
			isa = XCBuildConfiguration;
			buildSettings = {
				ALWAYS_EMBED_SWIFT_STANDARD_LIBRARIES = YES;
				BUNDLE_LOADER = "$(TEST_HOST)";
				CODE_SIGN_STYLE = Automatic;
				CURRENT_PROJECT_VERSION = 1;
				DEVELOPMENT_TEAM = TQK53PF52L;
				GENERATE_INFOPLIST_FILE = YES;
				IPHONEOS_DEPLOYMENT_TARGET = 15.4;
				MARKETING_VERSION = 1.0;
				PRODUCT_BUNDLE_IDENTIFIER = anegvonapets.TrantalyaTests;
				PRODUCT_NAME = "$(TARGET_NAME)";
				SWIFT_EMIT_LOC_STRINGS = NO;
				SWIFT_VERSION = 5.0;
				TARGETED_DEVICE_FAMILY = "1,2";
				TEST_HOST = "$(BUILT_PRODUCTS_DIR)/Trantalya.app/Trantalya";
			};
			name = Debug;
		};
		829A18E628FC71E100D85174 /* Release */ = {
			isa = XCBuildConfiguration;
			buildSettings = {
				ALWAYS_EMBED_SWIFT_STANDARD_LIBRARIES = YES;
				BUNDLE_LOADER = "$(TEST_HOST)";
				CODE_SIGN_STYLE = Automatic;
				CURRENT_PROJECT_VERSION = 1;
				DEVELOPMENT_TEAM = TQK53PF52L;
				GENERATE_INFOPLIST_FILE = YES;
				IPHONEOS_DEPLOYMENT_TARGET = 15.4;
				MARKETING_VERSION = 1.0;
				PRODUCT_BUNDLE_IDENTIFIER = anegvonapets.TrantalyaTests;
				PRODUCT_NAME = "$(TARGET_NAME)";
				SWIFT_EMIT_LOC_STRINGS = NO;
				SWIFT_VERSION = 5.0;
				TARGETED_DEVICE_FAMILY = "1,2";
				TEST_HOST = "$(BUILT_PRODUCTS_DIR)/Trantalya.app/Trantalya";
			};
			name = Release;
		};
		829A18E828FC71E100D85174 /* Debug */ = {
			isa = XCBuildConfiguration;
			buildSettings = {
				ALWAYS_EMBED_SWIFT_STANDARD_LIBRARIES = YES;
				CODE_SIGN_STYLE = Automatic;
				CURRENT_PROJECT_VERSION = 1;
				DEVELOPMENT_TEAM = TQK53PF52L;
				GENERATE_INFOPLIST_FILE = YES;
				MARKETING_VERSION = 1.0;
				PRODUCT_BUNDLE_IDENTIFIER = anegvonapets.TrantalyaUITests;
				PRODUCT_NAME = "$(TARGET_NAME)";
				SWIFT_EMIT_LOC_STRINGS = NO;
				SWIFT_VERSION = 5.0;
				TARGETED_DEVICE_FAMILY = "1,2";
				TEST_TARGET_NAME = Trantalya;
			};
			name = Debug;
		};
		829A18E928FC71E100D85174 /* Release */ = {
			isa = XCBuildConfiguration;
			buildSettings = {
				ALWAYS_EMBED_SWIFT_STANDARD_LIBRARIES = YES;
				CODE_SIGN_STYLE = Automatic;
				CURRENT_PROJECT_VERSION = 1;
				DEVELOPMENT_TEAM = TQK53PF52L;
				GENERATE_INFOPLIST_FILE = YES;
				MARKETING_VERSION = 1.0;
				PRODUCT_BUNDLE_IDENTIFIER = anegvonapets.TrantalyaUITests;
				PRODUCT_NAME = "$(TARGET_NAME)";
				SWIFT_EMIT_LOC_STRINGS = NO;
				SWIFT_VERSION = 5.0;
				TARGETED_DEVICE_FAMILY = "1,2";
				TEST_TARGET_NAME = Trantalya;
			};
			name = Release;
		};
/* End XCBuildConfiguration section */

/* Begin XCConfigurationList section */
		829A18B828FC71E000D85174 /* Build configuration list for PBXProject "Trantalya" */ = {
			isa = XCConfigurationList;
			buildConfigurations = (
				829A18DF28FC71E100D85174 /* Debug */,
				829A18E028FC71E100D85174 /* Release */,
			);
			defaultConfigurationIsVisible = 0;
			defaultConfigurationName = Release;
		};
		829A18E128FC71E100D85174 /* Build configuration list for PBXNativeTarget "Trantalya" */ = {
			isa = XCConfigurationList;
			buildConfigurations = (
				829A18E228FC71E100D85174 /* Debug */,
				829A18E328FC71E100D85174 /* Release */,
			);
			defaultConfigurationIsVisible = 0;
			defaultConfigurationName = Release;
		};
		829A18E428FC71E100D85174 /* Build configuration list for PBXNativeTarget "TrantalyaTests" */ = {
			isa = XCConfigurationList;
			buildConfigurations = (
				829A18E528FC71E100D85174 /* Debug */,
				829A18E628FC71E100D85174 /* Release */,
			);
			defaultConfigurationIsVisible = 0;
			defaultConfigurationName = Release;
		};
		829A18E728FC71E100D85174 /* Build configuration list for PBXNativeTarget "TrantalyaUITests" */ = {
			isa = XCConfigurationList;
			buildConfigurations = (
				829A18E828FC71E100D85174 /* Debug */,
				829A18E928FC71E100D85174 /* Release */,
			);
			defaultConfigurationIsVisible = 0;
			defaultConfigurationName = Release;
		};
/* End XCConfigurationList section */

/* Begin XCRemoteSwiftPackageReference section */
		829A1924290451EE00D85174 /* XCRemoteSwiftPackageReference "SkeletonUI" */ = {
			isa = XCRemoteSwiftPackageReference;
			repositoryURL = "https://github.com/CSolanaM/SkeletonUI.git";
			requirement = {
				branch = master;
				kind = branch;
			};
		};
/* End XCRemoteSwiftPackageReference section */

/* Begin XCSwiftPackageProductDependency section */
		829A1925290451EE00D85174 /* SkeletonUI */ = {
			isa = XCSwiftPackageProductDependency;
			package = 829A1924290451EE00D85174 /* XCRemoteSwiftPackageReference "SkeletonUI" */;
			productName = SkeletonUI;
		};
/* End XCSwiftPackageProductDependency section */
	};
	rootObject = 829A18B528FC71E000D85174 /* Project object */;
}
